
Microsoft Visual Studio Solution File, Format Version 12.00
# Visual Studio Version 17
VisualStudioVersion = 17.0.31903.59
MinimumVisualStudioVersion = 10.0.40219.1
Project("{9A19103F-16F7-4668-BE54-9A1E7A4F7556}") = "FootballMatches.API", "FootballMatches.API\FootballMatches.API.csproj", "{085E56B1-FDF8-4772-ABAD-17AABEC7C8A1}"
EndProject
Project("{9A19103F-16F7-4668-BE54-9A1E7A4F7556}") = "FootballMatches.Tests", "FootballMatches.Tests\FootballMatches.Tests.csproj", "{FA93D4D9-456F-4393-9618-C96205913E11}"
EndProject
Project("{2150E333-8FDC-42A3-9474-1A3956D46DE8}") = "Projektmappenelemente", "Projektmappenelemente", "{1A32A4C7-98F6-465A-B16B-248185B47338}"
	ProjectSection(SolutionItems) = preProject
		appsettings.development.json = appsettings.development.json
		appsettings.production.json = appsettings.production.json
	EndProjectSection
EndProject
Global
	GlobalSection(SolutionConfigurationPlatforms) = preSolution
		Debug|Any CPU = Debug|Any CPU
		Release|Any CPU = Release|Any CPU
	EndGlobalSection
	GlobalSection(ProjectConfigurationPlatforms) = postSolution
		{085E56B1-FDF8-4772-ABAD-17AABEC7C8A1}.Debug|Any CPU.ActiveCfg = Debug|Any CPU
		{085E56B1-FDF8-4772-ABAD-17AABEC7C8A1}.Debug|Any CPU.Build.0 = Debug|Any CPU
		{085E56B1-FDF8-4772-ABAD-17AABEC7C8A1}.Release|Any CPU.ActiveCfg = Release|Any CPU
		{085E56B1-FDF8-4772-ABAD-17AABEC7C8A1}.Release|Any CPU.Build.0 = Release|Any CPU
		{FA93D4D9-456F-4393-9618-C96205913E11}.Debug|Any CPU.ActiveCfg = Debug|Any CPU
		{FA93D4D9-456F-4393-9618-C96205913E11}.Debug|Any CPU.Build.0 = Debug|Any CPU
		{FA93D4D9-456F-4393-9618-C96205913E11}.Release|Any CPU.ActiveCfg = Release|Any CPU
		{FA93D4D9-456F-4393-9618-C96205913E11}.Release|Any CPU.Build.0 = Release|Any CPU
	EndGlobalSection
	GlobalSection(SolutionProperties) = preSolution
		HideSolutionNode = FALSE
	EndGlobalSection
	GlobalSection(ExtensibilityGlobals) = postSolution
		SolutionGuid = {43DC6A1B-35D9-4B98-A9B8-100589D494CC}
	EndGlobalSection
EndGlobal
